{
  "name": "digital-signage",
  "lockfileVersion": 3,
  "requires": true,
  "packages": {
    "": {
      "dependencies": {
        "font-list": "^1.5.1"
      }
    },
    "node_modules/font-list": {
      "version": "1.5.1",
      "resolved": "https://registry.npmjs.org/font-list/-/font-list-1.5.1.tgz",
      "integrity": "sha512-Hr5V0dsSv91wH3FgirXd7qh1PydqA/vMQyWjFFWn+lUPJtC+3i2tzgVqbLRcvQh87TGdbTGbAR3mEo4VlwC1jw=="
    }
  }
}
